// !$*UTF8*$!
{
	archiveVersion = 1;
	classes = {
	};
	objectVersion = 56;
	objects = {

/* Begin PBXBuildFile section */
		76189F232B4CDA2000C60909 /* LOTRconverter17AppApp.swift in Sources */ = {isa = PBXBuildFile; fileRef = 76189F222B4CDA2000C60909 /* LOTRconverter17AppApp.swift */; };
		76189F252B4CDA2000C60909 /* ContentView.swift in Sources */ = {isa = PBXBuildFile; fileRef = 76189F242B4CDA2000C60909 /* ContentView.swift */; };
		76189F272B4CDA2300C60909 /* Assets.xcassets in Resources */ = {isa = PBXBuildFile; fileRef = 76189F262B4CDA2300C60909 /* Assets.xcassets */; };
		76189F2A2B4CDA2300C60909 /* Preview Assets.xcassets in Resources */ = {isa = PBXBuildFile; fileRef = 76189F292B4CDA2300C60909 /* Preview Assets.xcassets */; };
		76189F312B4F9FA100C60909 /* ExchangeInfo.swift in Sources */ = {isa = PBXBuildFile; fileRef = 76189F302B4F9FA100C60909 /* ExchangeInfo.swift */; };
		76189F332B50EE4F00C60909 /* ExchangeRate.swift in Sources */ = {isa = PBXBuildFile; fileRef = 76189F322B50EE4F00C60909 /* ExchangeRate.swift */; };
		76CB94882B582FF800749F62 /* SelecctCurrency.swift in Sources */ = {isa = PBXBuildFile; fileRef = 76CB94872B582FF800749F62 /* SelecctCurrency.swift */; };
		76CB948A2B5838BA00749F62 /* CurrencyIcon.swift in Sources */ = {isa = PBXBuildFile; fileRef = 76CB94892B5838BA00749F62 /* CurrencyIcon.swift */; };
		76CB948C2B5E585C00749F62 /* Currency.swift in Sources */ = {isa = PBXBuildFile; fileRef = 76CB948B2B5E585C00749F62 /* Currency.swift */; };
		76CB948E2B63A1B200749F62 /* IconGrid.swift in Sources */ = {isa = PBXBuildFile; fileRef = 76CB948D2B63A1B200749F62 /* IconGrid.swift */; };
		76CB94902B68F8E400749F62 /* CurrencyTip.swift in Sources */ = {isa = PBXBuildFile; fileRef = 76CB948F2B68F8E400749F62 /* CurrencyTip.swift */; };
/* End PBXBuildFile section */

/* Begin PBXFileReference section */
		76189F1F2B4CDA2000C60909 /* LOTRconverter17App.app */ = {isa = PBXFileReference; explicitFileType = wrapper.application; includeInIndex = 0; path = LOTRconverter17App.app; sourceTree = BUILT_PRODUCTS_DIR; };
		76189F222B4CDA2000C60909 /* LOTRconverter17AppApp.swift */ = {isa = PBXFileReference; lastKnownFileType = sourcecode.swift; path = LOTRconverter17AppApp.swift; sourceTree = "<group>"; };
		76189F242B4CDA2000C60909 /* ContentView.swift */ = {isa = PBXFileReference; lastKnownFileType = sourcecode.swift; path = ContentView.swift; sourceTree = "<group>"; };
		76189F262B4CDA2300C60909 /* Assets.xcassets */ = {isa = PBXFileReference; lastKnownFileType = folder.assetcatalog; path = Assets.xcassets; sourceTree = "<group>"; };
		76189F292B4CDA2300C60909 /* Preview Assets.xcassets */ = {isa = PBXFileReference; lastKnownFileType = folder.assetcatalog; path = "Preview Assets.xcassets"; sourceTree = "<group>"; };
		76189F302B4F9FA100C60909 /* ExchangeInfo.swift */ = {isa = PBXFileReference; lastKnownFileType = sourcecode.swift; path = ExchangeInfo.swift; sourceTree = "<group>"; };
		76189F322B50EE4F00C60909 /* ExchangeRate.swift */ = {isa = PBXFileReference; lastKnownFileType = sourcecode.swift; path = ExchangeRate.swift; sourceTree = "<group>"; };
		76CB94872B582FF800749F62 /* SelecctCurrency.swift */ = {isa = PBXFileReference; lastKnownFileType = sourcecode.swift; path = SelecctCurrency.swift; sourceTree = "<group>"; };
		76CB94892B5838BA00749F62 /* CurrencyIcon.swift */ = {isa = PBXFileReference; lastKnownFileType = sourcecode.swift; path = CurrencyIcon.swift; sourceTree = "<group>"; };
		76CB948B2B5E585C00749F62 /* Currency.swift */ = {isa = PBXFileReference; lastKnownFileType = sourcecode.swift; path = Currency.swift; sourceTree = "<group>"; };
		76CB948D2B63A1B200749F62 /* IconGrid.swift */ = {isa = PBXFileReference; lastKnownFileType = sourcecode.swift; path = IconGrid.swift; sourceTree = "<group>"; };
		76CB948F2B68F8E400749F62 /* CurrencyTip.swift */ = {isa = PBXFileReference; lastKnownFileType = sourcecode.swift; path = CurrencyTip.swift; sourceTree = "<group>"; };
/* End PBXFileReference section */

/* Begin PBXFrameworksBuildPhase section */
		76189F1C2B4CDA2000C60909 /* Frameworks */ = {
			isa = PBXFrameworksBuildPhase;
			buildActionMask = 2147483647;
			files = (
			);
			runOnlyForDeploymentPostprocessing = 0;
		};
/* End PBXFrameworksBuildPhase section */

/* Begin PBXGroup section */
		76189F162B4CDA2000C60909 = {
			isa = PBXGroup;
			children = (
				76189F212B4CDA2000C60909 /* LOTRconverter17App */,
				76189F202B4CDA2000C60909 /* Products */,
			);
			sourceTree = "<group>";
		};
		76189F202B4CDA2000C60909 /* Products */ = {
			isa = PBXGroup;
			children = (
				76189F1F2B4CDA2000C60909 /* LOTRconverter17App.app */,
			);
			name = Products;
			sourceTree = "<group>";
		};
		76189F212B4CDA2000C60909 /* LOTRconverter17App */ = {
			isa = PBXGroup;
			children = (
				76189F222B4CDA2000C60909 /* LOTRconverter17AppApp.swift */,
				76CB948B2B5E585C00749F62 /* Currency.swift */,
				76189F242B4CDA2000C60909 /* ContentView.swift */,
				76CB948F2B68F8E400749F62 /* CurrencyTip.swift */,
				76CB94872B582FF800749F62 /* SelecctCurrency.swift */,
				76CB948D2B63A1B200749F62 /* IconGrid.swift */,
				76CB94892B5838BA00749F62 /* CurrencyIcon.swift */,
				76189F302B4F9FA100C60909 /* ExchangeInfo.swift */,
				76189F322B50EE4F00C60909 /* ExchangeRate.swift */,
				76189F262B4CDA2300C60909 /* Assets.xcassets */,
				76189F282B4CDA2300C60909 /* Preview Content */,
			);
			path = LOTRconverter17App;
			sourceTree = "<group>";
		};
		76189F282B4CDA2300C60909 /* Preview Content */ = {
			isa = PBXGroup;
			children = (
				76189F292B4CDA2300C60909 /* Preview Assets.xcassets */,
			);
			path = "Preview Content";
			sourceTree = "<group>";
		};
/* End PBXGroup section */

/* Begin PBXNativeTarget section */
		76189F1E2B4CDA2000C60909 /* LOTRconverter17App */ = {
			isa = PBXNativeTarget;
			buildConfigurationList = 76189F2D2B4CDA2300C60909 /* Build configuration list for PBXNativeTarget "LOTRconverter17App" */;
			buildPhases = (
				76189F1B2B4CDA2000C60909 /* Sources */,
				76189F1C2B4CDA2000C60909 /* Frameworks */,
				76189F1D2B4CDA2000C60909 /* Resources */,
			);
			buildRules = (
			);
			dependencies = (
			);
			name = LOTRconverter17App;
			productName = LOTRconverter17App;
			productReference = 76189F1F2B4CDA2000C60909 /* LOTRconverter17App.app */;
			productType = "com.apple.product-type.application";
		};
/* End PBXNativeTarget section */

/* Begin PBXProject section */
		76189F172B4CDA2000C60909 /* Project object */ = {
			isa = PBXProject;
			attributes = {
				BuildIndependentTargetsInParallel = 1;
				LastSwiftUpdateCheck = 1500;
				LastUpgradeCheck = 1500;
				TargetAttributes = {
					76189F1E2B4CDA2000C60909 = {
						CreatedOnToolsVersion = 15.0;
					};
				};
			};
			buildConfigurationList = 76189F1A2B4CDA2000C60909 /* Build configuration list for PBXProject "LOTRconverter17App" */;
			compatibilityVersion = "Xcode 14.0";
			developmentRegion = en;
			hasScannedForEncodings = 0;
			knownRegions = (
				en,
				Base,
			);
			mainGroup = 76189F162B4CDA2000C60909;
			productRefGroup = 76189F202B4CDA2000C60909 /* Products */;
			projectDirPath = "";
			projectRoot = "";
			targets = (
				76189F1E2B4CDA2000C60909 /* LOTRconverter17App */,
			);
		};
/* End PBXProject section */

/* Begin PBXResourcesBuildPhase section */
		76189F1D2B4CDA2000C60909 /* Resources */ = {
			isa = PBXResourcesBuildPhase;
			buildActionMask = 2147483647;
			files = (
				76189F2A2B4CDA2300C60909 /* Preview Assets.xcassets in Resources */,
				76189F272B4CDA2300C60909 /* Assets.xcassets in Resources */,
			);
			runOnlyForDeploymentPostprocessing = 0;
		};
/* End PBXResourcesBuildPhase section */

/* Begin PBXSourcesBuildPhase section */
		76189F1B2B4CDA2000C60909 /* Sources */ = {
			isa = PBXSourcesBuildPhase;
			buildActionMask = 2147483647;
			files = (
				76CB948E2B63A1B200749F62 /* IconGrid.swift in Sources */,
				76189F312B4F9FA100C60909 /* ExchangeInfo.swift in Sources */,
				76189F332B50EE4F00C60909 /* ExchangeRate.swift in Sources */,
				76CB94882B582FF800749F62 /* SelecctCurrency.swift in Sources */,
				76189F252B4CDA2000C60909 /* ContentView.swift in Sources */,
				76CB94902B68F8E400749F62 /* CurrencyTip.swift in Sources */,
				76189F232B4CDA2000C60909 /* LOTRconverter17AppApp.swift in Sources */,
				76CB948C2B5E585C00749F62 /* Currency.swift in Sources */,
				76CB948A2B5838BA00749F62 /* CurrencyIcon.swift in Sources */,
			);
			runOnlyForDeploymentPostprocessing = 0;
		};
/* End PBXSourcesBuildPhase section */

/* Begin XCBuildConfiguration section */
		76189F2B2B4CDA2300C60909 /* Debug */ = {
			isa = XCBuildConfiguration;
			buildSettings = {
				ALWAYS_SEARCH_USER_PATHS = NO;
				ASSETCATALOG_COMPILER_GENERATE_SWIFT_ASSET_SYMBOL_EXTENSIONS = YES;
				CLANG_ANALYZER_NONNULL = YES;
				CLANG_ANALYZER_NUMBER_OBJECT_CONVERSION = YES_AGGRESSIVE;
				CLANG_CXX_LANGUAGE_STANDARD = "gnu++20";
				CLANG_ENABLE_MODULES = YES;
				CLANG_ENABLE_OBJC_ARC = YES;
				CLANG_ENABLE_OBJC_WEAK = YES;
				CLANG_WARN_BLOCK_CAPTURE_AUTORELEASING = YES;
				CLANG_WARN_BOOL_CONVERSION = YES;
				CLANG_WARN_COMMA = YES;
				CLANG_WARN_CONSTANT_CONVERSION = YES;
				CLANG_WARN_DEPRECATED_OBJC_IMPLEMENTATIONS = YES;
				CLANG_WARN_DIRECT_OBJC_ISA_USAGE = YES_ERROR;
				CLANG_WARN_DOCUMENTATION_COMMENTS = YES;
				CLANG_WARN_EMPTY_BODY = YES;
				CLANG_WARN_ENUM_CONVERSION = YES;
				CLANG_WARN_INFINITE_RECURSION = YES;
				CLANG_WARN_INT_CONVERSION = YES;
				CLANG_WARN_NON_LITERAL_NULL_CONVERSION = YES;
				CLANG_WARN_OBJC_IMPLICIT_RETAIN_SELF = YES;
				CLANG_WARN_OBJC_LITERAL_CONVERSION = YES;
				CLANG_WARN_OBJC_ROOT_CLASS = YES_ERROR;
				CLANG_WARN_QUOTED_INCLUDE_IN_FRAMEWORK_HEADER = YES;
				CLANG_WARN_RANGE_LOOP_ANALYSIS = YES;
				CLANG_WARN_STRICT_PROTOTYPES = YES;
				CLANG_WARN_SUSPICIOUS_MOVE = YES;
				CLANG_WARN_UNGUARDED_AVAILABILITY = YES_AGGRESSIVE;
				CLANG_WARN_UNREACHABLE_CODE = YES;
				CLANG_WARN__DUPLICATE_METHOD_MATCH = YES;
				COPY_PHASE_STRIP = NO;
				DEBUG_INFORMATION_FORMAT = dwarf;
				ENABLE_STRICT_OBJC_MSGSEND = YES;
				ENABLE_TESTABILITY = YES;
				ENABLE_USER_SCRIPT_SANDBOXING = YES;
				GCC_C_LANGUAGE_STANDARD = gnu17;
				GCC_DYNAMIC_NO_PIC = NO;
				GCC_NO_COMMON_BLOCKS = YES;
				GCC_OPTIMIZATION_LEVEL = 0;
				GCC_PREPROCESSOR_DEFINITIONS = (
					"DEBUG=1",
					"$(inherited)",
				);
				GCC_WARN_64_TO_32_BIT_CONVERSION = YES;
				GCC_WARN_ABOUT_RETURN_TYPE = YES_ERROR;
				GCC_WARN_UNDECLARED_SELECTOR = YES;
				GCC_WARN_UNINITIALIZED_AUTOS = YES_AGGRESSIVE;
				GCC_WARN_UNUSED_FUNCTION = YES;
				GCC_WARN_UNUSED_VARIABLE = YES;
				IPHONEOS_DEPLOYMENT_TARGET = 17.0;
				LOCALIZATION_PREFERS_STRING_CATALOGS = YES;
				MTL_ENABLE_DEBUG_INFO = INCLUDE_SOURCE;
				MTL_FAST_MATH = YES;
				ONLY_ACTIVE_ARCH = YES;
				SDKROOT = iphoneos;
				SWIFT_ACTIVE_COMPILATION_CONDITIONS = "DEBUG $(inherited)";
				SWIFT_OPTIMIZATION_LEVEL = "-Onone";
			};
			name = Debug;
		};
		76189F2C2B4CDA2300C60909 /* Release */ = {
			isa = XCBuildConfiguration;
			buildSettings = {
				ALWAYS_SEARCH_USER_PATHS = NO;
				ASSETCATALOG_COMPILER_GENERATE_SWIFT_ASSET_SYMBOL_EXTENSIONS = YES;
				CLANG_ANALYZER_NONNULL = YES;
				CLANG_ANALYZER_NUMBER_OBJECT_CONVERSION = YES_AGGRESSIVE;
				CLANG_CXX_LANGUAGE_STANDARD = "gnu++20";
				CLANG_ENABLE_MODULES = YES;
				CLANG_ENABLE_OBJC_ARC = YES;
				CLANG_ENABLE_OBJC_WEAK = YES;
				CLANG_WARN_BLOCK_CAPTURE_AUTORELEASING = YES;
				CLANG_WARN_BOOL_CONVERSION = YES;
				CLANG_WARN_COMMA = YES;
				CLANG_WARN_CONSTANT_CONVERSION = YES;
				CLANG_WARN_DEPRECATED_OBJC_IMPLEMENTATIONS = YES;
				CLANG_WARN_DIRECT_OBJC_ISA_USAGE = YES_ERROR;
				CLANG_WARN_DOCUMENTATION_COMMENTS = YES;
				CLANG_WARN_EMPTY_BODY = YES;
				CLANG_WARN_ENUM_CONVERSION = YES;
				CLANG_WARN_INFINITE_RECURSION = YES;
				CLANG_WARN_INT_CONVERSION = YES;
				CLANG_WARN_NON_LITERAL_NULL_CONVERSION = YES;
				CLANG_WARN_OBJC_IMPLICIT_RETAIN_SELF = YES;
				CLANG_WARN_OBJC_LITERAL_CONVERSION = YES;
				CLANG_WARN_OBJC_ROOT_CLASS = YES_ERROR;
				CLANG_WARN_QUOTED_INCLUDE_IN_FRAMEWORK_HEADER = YES;
				CLANG_WARN_RANGE_LOOP_ANALYSIS = YES;
				CLANG_WARN_STRICT_PROTOTYPES = YES;
				CLANG_WARN_SUSPICIOUS_MOVE = YES;
				CLANG_WARN_UNGUARDED_AVAILABILITY = YES_AGGRESSIVE;
				CLANG_WARN_UNREACHABLE_CODE = YES;
				CLANG_WARN__DUPLICATE_METHOD_MATCH = YES;
				COPY_PHASE_STRIP = NO;
				DEBUG_INFORMATION_FORMAT = "dwarf-with-dsym";
				ENABLE_NS_ASSERTIONS = NO;
				ENABLE_STRICT_OBJC_MSGSEND = YES;
				ENABLE_USER_SCRIPT_SANDBOXING = YES;
				GCC_C_LANGUAGE_STANDARD = gnu17;
				GCC_NO_COMMON_BLOCKS = YES;
				GCC_WARN_64_TO_32_BIT_CONVERSION = YES;
				GCC_WARN_ABOUT_RETURN_TYPE = YES_ERROR;
				GCC_WARN_UNDECLARED_SELECTOR = YES;
				GCC_WARN_UNINITIALIZED_AUTOS = YES_AGGRESSIVE;
				GCC_WARN_UNUSED_FUNCTION = YES;
				GCC_WARN_UNUSED_VARIABLE = YES;
				IPHONEOS_DEPLOYMENT_TARGET = 17.0;
				LOCALIZATION_PREFERS_STRING_CATALOGS = YES;
				MTL_ENABLE_DEBUG_INFO = NO;
				MTL_FAST_MATH = YES;
				SDKROOT = iphoneos;
				SWIFT_COMPILATION_MODE = wholemodule;
				VALIDATE_PRODUCT = YES;
			};
			name = Release;
		};
		76189F2E2B4CDA2300C60909 /* Debug */ = {
			isa = XCBuildConfiguration;
			buildSettings = {
				ASSETCATALOG_COMPILER_APPICON_NAME = AppIcon;
				ASSETCATALOG_COMPILER_GLOBAL_ACCENT_COLOR_NAME = AccentColor;
				CODE_SIGN_STYLE = Automatic;
				CURRENT_PROJECT_VERSION = 1;
				DEVELOPMENT_ASSET_PATHS = "\"LOTRconverter17App/Preview Content\"";
				ENABLE_PREVIEWS = YES;
				GENERATE_INFOPLIST_FILE = YES;
				INFOPLIST_KEY_UIApplicationSceneManifest_Generation = YES;
				INFOPLIST_KEY_UIApplicationSupportsIndirectInputEvents = YES;
				INFOPLIST_KEY_UILaunchScreen_Generation = YES;
				INFOPLIST_KEY_UISupportedInterfaceOrientations_iPad = "UIInterfaceOrientationPortrait UIInterfaceOrientationPortraitUpsideDown UIInterfaceOrientationLandscapeLeft UIInterfaceOrientationLandscapeRight";
				INFOPLIST_KEY_UISupportedInterfaceOrientations_iPhone = "UIInterfaceOrientationPortrait UIInterfaceOrientationLandscapeLeft UIInterfaceOrientationLandscapeRight";
				LD_RUNPATH_SEARCH_PATHS = (
					"$(inherited)",
					"@executable_path/Frameworks",
				);
				MARKETING_VERSION = 1.0;
				PRODUCT_BUNDLE_IDENTIFIER = com.ldi.LOTRconverter17App;
				PRODUCT_NAME = "$(TARGET_NAME)";
				SWIFT_EMIT_LOC_STRINGS = YES;
				SWIFT_VERSION = 5.0;
				TARGETED_DEVICE_FAMILY = "1,2";
			};
			name = Debug;
		};
		76189F2F2B4CDA2300C60909 /* Release */ = {
			isa = XCBuildConfiguration;
			buildSettings = {
				ASSETCATALOG_COMPILER_APPICON_NAME = AppIcon;
				ASSETCATALOG_COMPILER_GLOBAL_ACCENT_COLOR_NAME = AccentColor;
				CODE_SIGN_STYLE = Automatic;
				CURRENT_PROJECT_VERSION = 1;
				DEVELOPMENT_ASSET_PATHS = "\"LOTRconverter17App/Preview Content\"";
				ENABLE_PREVIEWS = YES;
				GENERATE_INFOPLIST_FILE = YES;
				INFOPLIST_KEY_UIApplicationSceneManifest_Generation = YES;
				INFOPLIST_KEY_UIApplicationSupportsIndirectInputEvents = YES;
				INFOPLIST_KEY_UILaunchScreen_Generation = YES;
				INFOPLIST_KEY_UISupportedInterfaceOrientations_iPad = "UIInterfaceOrientationPortrait UIInterfaceOrientationPortraitUpsideDown UIInterfaceOrientationLandscapeLeft UIInterfaceOrientationLandscapeRight";
				INFOPLIST_KEY_UISupportedInterfaceOrientations_iPhone = "UIInterfaceOrientationPortrait UIInterfaceOrientationLandscapeLeft UIInterfaceOrientationLandscapeRight";
				LD_RUNPATH_SEARCH_PATHS = (
					"$(inherited)",
					"@executable_path/Frameworks",
				);
				MARKETING_VERSION = 1.0;
				PRODUCT_BUNDLE_IDENTIFIER = com.ldi.LOTRconverter17App;
				PRODUCT_NAME = "$(TARGET_NAME)";
				SWIFT_EMIT_LOC_STRINGS = YES;
				SWIFT_VERSION = 5.0;
				TARGETED_DEVICE_FAMILY = "1,2";
			};
			name = Release;
		};
/* End XCBuildConfiguration section */

/* Begin XCConfigurationList section */
		76189F1A2B4CDA2000C60909 /* Build configuration list for PBXProject "LOTRconverter17App" */ = {
			isa = XCConfigurationList;
			buildConfigurations = (
				76189F2B2B4CDA2300C60909 /* Debug */,
				76189F2C2B4CDA2300C60909 /* Release */,
			);
			defaultConfigurationIsVisible = 0;
			defaultConfigurationName = Release;
		};
		76189F2D2B4CDA2300C60909 /* Build configuration list for PBXNativeTarget "LOTRconverter17App" */ = {
			isa = XCConfigurationList;
			buildConfigurations = (
				76189F2E2B4CDA2300C60909 /* Debug */,
				76189F2F2B4CDA2300C60909 /* Release */,
			);
			defaultConfigurationIsVisible = 0;
			defaultConfigurationName = Release;
		};
/* End XCConfigurationList section */
	};
	rootObject = 76189F172B4CDA2000C60909 /* Project object */;
}
